// !$*UTF8*$!
{
	archiveVersion = 1;
	classes = {
	};
	objectVersion = 50;
	objects = {

/* Begin PBXBuildFile section */
		247908E423170FB900A4E976 /* AppDelegate.swift in Sources */ = {isa = PBXBuildFile; fileRef = 247908E323170FB900A4E976 /* AppDelegate.swift */; };
		247908E623170FB900A4E976 /* ViewController.swift in Sources */ = {isa = PBXBuildFile; fileRef = 247908E523170FB900A4E976 /* ViewController.swift */; };
		247908E923170FB900A4E976 /* Main.storyboard in Resources */ = {isa = PBXBuildFile; fileRef = 247908E723170FB900A4E976 /* Main.storyboard */; };
		247908EB23170FBC00A4E976 /* Assets.xcassets in Resources */ = {isa = PBXBuildFile; fileRef = 247908EA23170FBC00A4E976 /* Assets.xcassets */; };
		247908EE23170FBC00A4E976 /* LaunchScreen.storyboard in Resources */ = {isa = PBXBuildFile; fileRef = 247908EC23170FBC00A4E976 /* LaunchScreen.storyboard */; };
		247908F62317147C00A4E976 /* start.txt in Resources */ = {isa = PBXBuildFile; fileRef = 247908F52317147C00A4E976 /* start.txt */; };
/* End PBXBuildFile section */

/* Begin PBXFileReference section */
		247908E023170FB900A4E976 /* Wordy-Word.app */ = {isa = PBXFileReference; explicitFileType = wrapper.application; includeInIndex = 0; path = "Wordy-Word.app"; sourceTree = BUILT_PRODUCTS_DIR; };
		247908E323170FB900A4E976 /* AppDelegate.swift */ = {isa = PBXFileReference; lastKnownFileType = sourcecode.swift; path = AppDelegate.swift; sourceTree = "<group>"; };
		247908E523170FB900A4E976 /* ViewController.swift */ = {isa = PBXFileReference; lastKnownFileType = sourcecode.swift; path = ViewController.swift; sourceTree = "<group>"; };
		247908E823170FB900A4E976 /* Base */ = {isa = PBXFileReference; lastKnownFileType = file.storyboard; name = Base; path = Base.lproj/Main.storyboard; sourceTree = "<group>"; };
		247908EA23170FBC00A4E976 /* Assets.xcassets */ = {isa = PBXFileReference; lastKnownFileType = folder.assetcatalog; path = Assets.xcassets; sourceTree = "<group>"; };
		247908ED23170FBC00A4E976 /* Base */ = {isa = PBXFileReference; lastKnownFileType = file.storyboard; name = Base; path = Base.lproj/LaunchScreen.storyboard; sourceTree = "<group>"; };
		247908EF23170FBC00A4E976 /* Info.plist */ = {isa = PBXFileReference; lastKnownFileType = text.plist.xml; path = Info.plist; sourceTree = "<group>"; };
		247908F52317147C00A4E976 /* start.txt */ = {isa = PBXFileReference; fileEncoding = 4; lastKnownFileType = text; path = start.txt; sourceTree = "<group>"; };
/* End PBXFileReference section */

/* Begin PBXFrameworksBuildPhase section */
		247908DD23170FB900A4E976 /* Frameworks */ = {
			isa = PBXFrameworksBuildPhase;
			buildActionMask = 2147483647;
			files = (
			);
			runOnlyForDeploymentPostprocessing = 0;
		};
/* End PBXFrameworksBuildPhase section */

/* Begin PBXGroup section */
		247908D723170FB900A4E976 = {
			isa = PBXGroup;
			children = (
				247908E223170FB900A4E976 /* Wordy-Word */,
				247908E123170FB900A4E976 /* Products */,
			);
			sourceTree = "<group>";
		};
		247908E123170FB900A4E976 /* Products */ = {
			isa = PBXGroup;
			children = (
				247908E023170FB900A4E976 /* Wordy-Word.app */,
			);
			name = Products;
			sourceTree = "<group>";
		};
		247908E223170FB900A4E976 /* Wordy-Word */ = {
			isa = PBXGroup;
			children = (
				247908E323170FB900A4E976 /* AppDelegate.swift */,
				247908E523170FB900A4E976 /* ViewController.swift */,
				247908E723170FB900A4E976 /* Main.storyboard */,
				247908EA23170FBC00A4E976 /* Assets.xcassets */,
				247908EC23170FBC00A4E976 /* LaunchScreen.storyboard */,
				247908EF23170FBC00A4E976 /* Info.plist */,
				247908F52317147C00A4E976 /* start.txt */,
			);
			path = "Wordy-Word";
			sourceTree = "<group>";
		};
/* End PBXGroup section */

/* Begin PBXNativeTarget section */
		247908DF23170FB900A4E976 /* Wordy-Word */ = {
			isa = PBXNativeTarget;
			buildConfigurationList = 247908F223170FBC00A4E976 /* Build configuration list for PBXNativeTarget "Wordy-Word" */;
			buildPhases = (
				247908DC23170FB900A4E976 /* Sources */,
				247908DD23170FB900A4E976 /* Frameworks */,
				247908DE23170FB900A4E976 /* Resources */,
			);
			buildRules = (
			);
			dependencies = (
			);
			name = "Wordy-Word";
			productName = "Wordy-Word";
			productReference = 247908E023170FB900A4E976 /* Wordy-Word.app */;
			productType = "com.apple.product-type.application";
		};
/* End PBXNativeTarget section */

/* Begin PBXProject section */
		247908D823170FB900A4E976 /* Project object */ = {
			isa = PBXProject;
			attributes = {
				LastSwiftUpdateCheck = 1000;
				LastUpgradeCheck = 1000;
				ORGANIZATIONNAME = "Lloyd Blake";
				TargetAttributes = {
					247908DF23170FB900A4E976 = {
						CreatedOnToolsVersion = 10.0;
					};
				};
			};
			buildConfigurationList = 247908DB23170FB900A4E976 /* Build configuration list for PBXProject "Wordy-Word" */;
			compatibilityVersion = "Xcode 9.3";
			developmentRegion = en;
			hasScannedForEncodings = 0;
			knownRegions = (
				en,
				Base,
			);
			mainGroup = 247908D723170FB900A4E976;
			productRefGroup = 247908E123170FB900A4E976 /* Products */;
			projectDirPath = "";
			projectRoot = "";
			targets = (
				247908DF23170FB900A4E976 /* Wordy-Word */,
			);
		};
/* End PBXProject section */

/* Begin PBXResourcesBuildPhase section */
		247908DE23170FB900A4E976 /* Resources */ = {
			isa = PBXResourcesBuildPhase;
			buildActionMask = 2147483647;
			files = (
				247908EE23170FBC00A4E976 /* LaunchScreen.storyboard in Resources */,
				247908F62317147C00A4E976 /* start.txt in Resources */,
				247908EB23170FBC00A4E976 /* Assets.xcassets in Resources */,
				247908E923170FB900A4E976 /* Main.storyboard in Resources */,
			);
			runOnlyForDeploymentPostprocessing = 0;
		};
/* End PBXResourcesBuildPhase section */

/* Begin PBXSourcesBuildPhase section */
		247908DC23170FB900A4E976 /* Sources */ = {
			isa = PBXSourcesBuildPhase;
			buildActionMask = 2147483647;
			files = (
				247908E623170FB900A4E976 /* ViewController.swift in Sources */,
				247908E423170FB900A4E976 /* AppDelegate.swift in Sources */,
			);
			runOnlyForDeploymentPostprocessing = 0;
		};
/* End PBXSourcesBuildPhase section */

/* Begin PBXVariantGroup section */
		247908E723170FB900A4E976 /* Main.storyboard */ = {
			isa = PBXVariantGroup;
			children = (
				247908E823170FB900A4E976 /* Base */,
			);
			name = Main.storyboard;
			sourceTree = "<group>";
		};
		247908EC23170FBC00A4E976 /* LaunchScreen.storyboard */ = {
			isa = PBXVariantGroup;
			children = (
				247908ED23170FBC00A4E976 /* Base */,
			);
			name = LaunchScreen.storyboard;
			sourceTree = "<group>";
		};
/* End PBXVariantGroup section */

/* Begin XCBuildConfiguration section */
		247908F023170FBC00A4E976 /* Debug */ = {
			isa = XCBuildConfiguration;
			buildSettings = {
				ALWAYS_SEARCH_USER_PATHS = NO;
				CLANG_ANALYZER_NONNULL = YES;
				CLANG_ANALYZER_NUMBER_OBJECT_CONVERSION = YES_AGGRESSIVE;
				CLANG_CXX_LANGUAGE_STANDARD = "gnu++14";
				CLANG_CXX_LIBRARY = "libc++";
				CLANG_ENABLE_MODULES = YES;
				CLANG_ENABLE_OBJC_ARC = YES;
				CLANG_ENABLE_OBJC_WEAK = YES;
				CLANG_WARN_BLOCK_CAPTURE_AUTORELEASING = YES;
				CLANG_WARN_BOOL_CONVERSION = YES;
				CLANG_WARN_COMMA = YES;
				CLANG_WARN_CONSTANT_CONVERSION = YES;
				CLANG_WARN_DEPRECATED_OBJC_IMPLEMENTATIONS = YES;
				CLANG_WARN_DIRECT_OBJC_ISA_USAGE = YES_ERROR;
				CLANG_WARN_DOCUMENTATION_COMMENTS = YES;
				CLANG_WARN_EMPTY_BODY = YES;
				CLANG_WARN_ENUM_CONVERSION = YES;
				CLANG_WARN_INFINITE_RECURSION = YES;
				CLANG_WARN_INT_CONVERSION = YES;
				CLANG_WARN_NON_LITERAL_NULL_CONVERSION = YES;
				CLANG_WARN_OBJC_IMPLICIT_RETAIN_SELF = YES;
				CLANG_WARN_OBJC_LITERAL_CONVERSION = YES;
				CLANG_WARN_OBJC_ROOT_CLASS = YES_ERROR;
				CLANG_WARN_RANGE_LOOP_ANALYSIS = YES;
				CLANG_WARN_STRICT_PROTOTYPES = YES;
				CLANG_WARN_SUSPICIOUS_MOVE = YES;
				CLANG_WARN_UNGUARDED_AVAILABILITY = YES_AGGRESSIVE;
				CLANG_WARN_UNREACHABLE_CODE = YES;
				CLANG_WARN__DUPLICATE_METHOD_MATCH = YES;
				CODE_SIGN_IDENTITY = "iPhone Developer";
				COPY_PHASE_STRIP = NO;
				DEBUG_INFORMATION_FORMAT = dwarf;
				ENABLE_STRICT_OBJC_MSGSEND = YES;
				ENABLE_TESTABILITY = YES;
				GCC_C_LANGUAGE_STANDARD = gnu11;
				GCC_DYNAMIC_NO_PIC = NO;
				GCC_NO_COMMON_BLOCKS = YES;
				GCC_OPTIMIZATION_LEVEL = 0;
				GCC_PREPROCESSOR_DEFINITIONS = (
					"DEBUG=1",
					"$(inherited)",
				);
				GCC_WARN_64_TO_32_BIT_CONVERSION = YES;
				GCC_WARN_ABOUT_RETURN_TYPE = YES_ERROR;
				GCC_WARN_UNDECLARED_SELECTOR = YES;
				GCC_WARN_UNINITIALIZED_AUTOS = YES_AGGRESSIVE;
				GCC_WARN_UNUSED_FUNCTION = YES;
				GCC_WARN_UNUSED_VARIABLE = YES;
				IPHONEOS_DEPLOYMENT_TARGET = 12.0;
				MTL_ENABLE_DEBUG_INFO = INCLUDE_SOURCE;
				MTL_FAST_MATH = YES;
				ONLY_ACTIVE_ARCH = YES;
				SDKROOT = iphoneos;
				SWIFT_ACTIVE_COMPILATION_CONDITIONS = DEBUG;
				SWIFT_OPTIMIZATION_LEVEL = "-Onone";
			};
			name = Debug;
		};
		247908F123170FBC00A4E976 /* Release */ = {
			isa = XCBuildConfiguration;
			buildSettings = {
				ALWAYS_SEARCH_USER_PATHS = NO;
				CLANG_ANALYZER_NONNULL = YES;
				CLANG_ANALYZER_NUMBER_OBJECT_CONVERSION = YES_AGGRESSIVE;
				CLANG_CXX_LANGUAGE_STANDARD = "gnu++14";
				CLANG_CXX_LIBRARY = "libc++";
				CLANG_ENABLE_MODULES = YES;
				CLANG_ENABLE_OBJC_ARC = YES;
				CLANG_ENABLE_OBJC_WEAK = YES;
				CLANG_WARN_BLOCK_CAPTURE_AUTORELEASING = YES;
				CLANG_WARN_BOOL_CONVERSION = YES;
				CLANG_WARN_COMMA = YES;
				CLANG_WARN_CONSTANT_CONVERSION = YES;
				CLANG_WARN_DEPRECATED_OBJC_IMPLEMENTATIONS = YES;
				CLANG_WARN_DIRECT_OBJC_ISA_USAGE = YES_ERROR;
				CLANG_WARN_DOCUMENTATION_COMMENTS = YES;
				CLANG_WARN_EMPTY_BODY = YES;
				CLANG_WARN_ENUM_CONVERSION = YES;
				CLANG_WARN_INFINITE_RECURSION = YES;
				CLANG_WARN_INT_CONVERSION = YES;
				CLANG_WARN_NON_LITERAL_NULL_CONVERSION = YES;
				CLANG_WARN_OBJC_IMPLICIT_RETAIN_SELF = YES;
				CLANG_WARN_OBJC_LITERAL_CONVERSION = YES;
				CLANG_WARN_OBJC_ROOT_CLASS = YES_ERROR;
				CLANG_WARN_RANGE_LOOP_ANALYSIS = YES;
				CLANG_WARN_STRICT_PROTOTYPES = YES;
				CLANG_WARN_SUSPICIOUS_MOVE = YES;
				CLANG_WARN_UNGUARDED_AVAILABILITY = YES_AGGRESSIVE;
				CLANG_WARN_UNREACHABLE_CODE = YES;
				CLANG_WARN__DUPLICATE_METHOD_MATCH = YES;
				CODE_SIGN_IDENTITY = "iPhone Developer";
				COPY_PHASE_STRIP = NO;
				DEBUG_INFORMATION_FORMAT = "dwarf-with-dsym";
				ENABLE_NS_ASSERTIONS = NO;
				ENABLE_STRICT_OBJC_MSGSEND = YES;
				GCC_C_LANGUAGE_STANDARD = gnu11;
				GCC_NO_COMMON_BLOCKS = YES;
				GCC_WARN_64_TO_32_BIT_CONVERSION = YES;
				GCC_WARN_ABOUT_RETURN_TYPE = YES_ERROR;
				GCC_WARN_UNDECLARED_SELECTOR = YES;
				GCC_WARN_UNINITIALIZED_AUTOS = YES_AGGRESSIVE;
				GCC_WARN_UNUSED_FUNCTION = YES;
				GCC_WARN_UNUSED_VARIABLE = YES;
				IPHONEOS_DEPLOYMENT_TARGET = 12.0;
				MTL_ENABLE_DEBUG_INFO = NO;
				MTL_FAST_MATH = YES;
				SDKROOT = iphoneos;
				SWIFT_COMPILATION_MODE = wholemodule;
				SWIFT_OPTIMIZATION_LEVEL = "-O";
				VALIDATE_PRODUCT = YES;
			};
			name = Release;
		};
		247908F323170FBC00A4E976 /* Debug */ = {
			isa = XCBuildConfiguration;
			buildSettings = {
				ASSETCATALOG_COMPILER_APPICON_NAME = AppIcon;
				CODE_SIGN_STYLE = Automatic;
				DEVELOPMENT_TEAM = CKKRRKW9UR;
				INFOPLIST_FILE = "Wordy-Word/Info.plist";
				LD_RUNPATH_SEARCH_PATHS = (
					"$(inherited)",
					"@executable_path/Frameworks",
				);
				PRODUCT_BUNDLE_IDENTIFIER = "com.purplesquare.Wordy-Word";
				PRODUCT_NAME = "$(TARGET_NAME)";
				SWIFT_VERSION = 4.2;
				TARGETED_DEVICE_FAMILY = 1;
			};
			name = Debug;
		};
		247908F423170FBC00A4E976 /* Release */ = {
			isa = XCBuildConfiguration;
			buildSettings = {
				ASSETCATALOG_COMPILER_APPICON_NAME = AppIcon;
				CODE_SIGN_STYLE = Automatic;
				DEVELOPMENT_TEAM = CKKRRKW9UR;
				INFOPLIST_FILE = "Wordy-Word/Info.plist";
				LD_RUNPATH_SEARCH_PATHS = (
					"$(inherited)",
					"@executable_path/Frameworks",
				);
				PRODUCT_BUNDLE_IDENTIFIER = "com.purplesquare.Wordy-Word";
				PRODUCT_NAME = "$(TARGET_NAME)";
				SWIFT_VERSION = 4.2;
				TARGETED_DEVICE_FAMILY = 1;
			};
			name = Release;
		};
/* End XCBuildConfiguration section */

/* Begin XCConfigurationList section */
		247908DB23170FB900A4E976 /* Build configuration list for PBXProject "Wordy-Word" */ = {
			isa = XCConfigurationList;
			buildConfigurations = (
				247908F023170FBC00A4E976 /* Debug */,
				247908F123170FBC00A4E976 /* Release */,
			);
			defaultConfigurationIsVisible = 0;
			defaultConfigurationName = Release;
		};
		247908F223170FBC00A4E976 /* Build configuration list for PBXNativeTarget "Wordy-Word" */ = {
			isa = XCConfigurationList;
			buildConfigurations = (
				247908F323170FBC00A4E976 /* Debug */,
				247908F423170FBC00A4E976 /* Release */,
			);
			defaultConfigurationIsVisible = 0;
			defaultConfigurationName = Release;
		};
/* End XCConfigurationList section */
	};
	rootObject = 247908D823170FB900A4E976 /* Project object */;
}
